// !$*UTF8*$!
{
	archiveVersion = 1;
	classes = {
	};
	objectVersion = 56;
	objects = {

/* Begin PBXBuildFile section */
		4E5ADF282AA4CB9500FC1FDC /* AppDelegate.swift in Sources */ = {isa = PBXBuildFile; fileRef = 4E5ADF272AA4CB9500FC1FDC /* AppDelegate.swift */; };
		4E5ADF2A2AA4CB9500FC1FDC /* SceneDelegate.swift in Sources */ = {isa = PBXBuildFile; fileRef = 4E5ADF292AA4CB9500FC1FDC /* SceneDelegate.swift */; };
		4E5ADF2C2AA4CB9500FC1FDC /* HomeViewController.swift in Sources */ = {isa = PBXBuildFile; fileRef = 4E5ADF2B2AA4CB9500FC1FDC /* HomeViewController.swift */; };
		4E5ADF312AA4CB9600FC1FDC /* Assets.xcassets in Resources */ = {isa = PBXBuildFile; fileRef = 4E5ADF302AA4CB9600FC1FDC /* Assets.xcassets */; };
		4E5ADF342AA4CB9600FC1FDC /* LaunchScreen.storyboard in Resources */ = {isa = PBXBuildFile; fileRef = 4E5ADF322AA4CB9600FC1FDC /* LaunchScreen.storyboard */; };
		4E5ADF412AA4CDE300FC1FDC /* TabBarViewController.swift in Sources */ = {isa = PBXBuildFile; fileRef = 4E5ADF402AA4CDE300FC1FDC /* TabBarViewController.swift */; };
		4E5ADF432AA4CF0300FC1FDC /* SearchViewController.swift in Sources */ = {isa = PBXBuildFile; fileRef = 4E5ADF422AA4CF0300FC1FDC /* SearchViewController.swift */; };
		4E5ADF452AA4CF1100FC1FDC /* LibraryViewController.swift in Sources */ = {isa = PBXBuildFile; fileRef = 4E5ADF442AA4CF1100FC1FDC /* LibraryViewController.swift */; };
		4E5ADF492AA4CF5500FC1FDC /* AuthViewController.swift in Sources */ = {isa = PBXBuildFile; fileRef = 4E5ADF482AA4CF5500FC1FDC /* AuthViewController.swift */; };
		4E5ADF4B2AA4CF6400FC1FDC /* WelcomeViewController.swift in Sources */ = {isa = PBXBuildFile; fileRef = 4E5ADF4A2AA4CF6400FC1FDC /* WelcomeViewController.swift */; };
		4E5ADF4D2AA4CF7100FC1FDC /* SettingsViewController.swift in Sources */ = {isa = PBXBuildFile; fileRef = 4E5ADF4C2AA4CF7100FC1FDC /* SettingsViewController.swift */; };
		4E5ADF4F2AA4CF7E00FC1FDC /* ProfileViewController.swift in Sources */ = {isa = PBXBuildFile; fileRef = 4E5ADF4E2AA4CF7E00FC1FDC /* ProfileViewController.swift */; };
		4E5ADF512AA4CF8700FC1FDC /* PlayerViewController.swift in Sources */ = {isa = PBXBuildFile; fileRef = 4E5ADF502AA4CF8700FC1FDC /* PlayerViewController.swift */; };
		4E5ADF532AA4CF9400FC1FDC /* PlaylistViewController.swift in Sources */ = {isa = PBXBuildFile; fileRef = 4E5ADF522AA4CF9400FC1FDC /* PlaylistViewController.swift */; };
		4E5ADF552AA4CFA900FC1FDC /* SearchResultsViewController.swift in Sources */ = {isa = PBXBuildFile; fileRef = 4E5ADF542AA4CFA900FC1FDC /* SearchResultsViewController.swift */; };
		4E5ADF572AA4CFBF00FC1FDC /* AuthManager.swift in Sources */ = {isa = PBXBuildFile; fileRef = 4E5ADF562AA4CFBF00FC1FDC /* AuthManager.swift */; };
		4E5ADF592AA4CFCD00FC1FDC /* APICaller.swift in Sources */ = {isa = PBXBuildFile; fileRef = 4E5ADF582AA4CFCD00FC1FDC /* APICaller.swift */; };
		4E5ADF5B2AA4CFDC00FC1FDC /* HapticsManager.swift in Sources */ = {isa = PBXBuildFile; fileRef = 4E5ADF5A2AA4CFDC00FC1FDC /* HapticsManager.swift */; };
		4E5ADF5D2AA4CFF700FC1FDC /* Playlist.swift in Sources */ = {isa = PBXBuildFile; fileRef = 4E5ADF5C2AA4CFF700FC1FDC /* Playlist.swift */; };
		4E5ADF5F2AA4D00200FC1FDC /* AudioTrack.swift in Sources */ = {isa = PBXBuildFile; fileRef = 4E5ADF5E2AA4D00200FC1FDC /* AudioTrack.swift */; };
		4E5ADF612AA4D00D00FC1FDC /* Artist.swift in Sources */ = {isa = PBXBuildFile; fileRef = 4E5ADF602AA4D00D00FC1FDC /* Artist.swift */; };
		4E5ADF632AA4D01D00FC1FDC /* UserProfile.swift in Sources */ = {isa = PBXBuildFile; fileRef = 4E5ADF622AA4D01D00FC1FDC /* UserProfile.swift */; };
/* End PBXBuildFile section */

/* Begin PBXFileReference section */
		4E5ADF242AA4CB9500FC1FDC /* Spotify Clone.app */ = {isa = PBXFileReference; explicitFileType = wrapper.application; includeInIndex = 0; path = "Spotify Clone.app"; sourceTree = BUILT_PRODUCTS_DIR; };
		4E5ADF272AA4CB9500FC1FDC /* AppDelegate.swift */ = {isa = PBXFileReference; lastKnownFileType = sourcecode.swift; path = AppDelegate.swift; sourceTree = "<group>"; };
		4E5ADF292AA4CB9500FC1FDC /* SceneDelegate.swift */ = {isa = PBXFileReference; lastKnownFileType = sourcecode.swift; path = SceneDelegate.swift; sourceTree = "<group>"; };
		4E5ADF2B2AA4CB9500FC1FDC /* HomeViewController.swift */ = {isa = PBXFileReference; lastKnownFileType = sourcecode.swift; path = HomeViewController.swift; sourceTree = "<group>"; };
		4E5ADF302AA4CB9600FC1FDC /* Assets.xcassets */ = {isa = PBXFileReference; lastKnownFileType = folder.assetcatalog; path = Assets.xcassets; sourceTree = "<group>"; };
		4E5ADF332AA4CB9600FC1FDC /* Base */ = {isa = PBXFileReference; lastKnownFileType = file.storyboard; name = Base; path = Base.lproj/LaunchScreen.storyboard; sourceTree = "<group>"; };
		4E5ADF352AA4CB9600FC1FDC /* Info.plist */ = {isa = PBXFileReference; lastKnownFileType = text.plist.xml; path = Info.plist; sourceTree = "<group>"; };
		4E5ADF402AA4CDE300FC1FDC /* TabBarViewController.swift */ = {isa = PBXFileReference; lastKnownFileType = sourcecode.swift; path = TabBarViewController.swift; sourceTree = "<group>"; };
		4E5ADF422AA4CF0300FC1FDC /* SearchViewController.swift */ = {isa = PBXFileReference; lastKnownFileType = sourcecode.swift; path = SearchViewController.swift; sourceTree = "<group>"; };
		4E5ADF442AA4CF1100FC1FDC /* LibraryViewController.swift */ = {isa = PBXFileReference; lastKnownFileType = sourcecode.swift; path = LibraryViewController.swift; sourceTree = "<group>"; };
		4E5ADF482AA4CF5500FC1FDC /* AuthViewController.swift */ = {isa = PBXFileReference; lastKnownFileType = sourcecode.swift; path = AuthViewController.swift; sourceTree = "<group>"; };
		4E5ADF4A2AA4CF6400FC1FDC /* WelcomeViewController.swift */ = {isa = PBXFileReference; lastKnownFileType = sourcecode.swift; path = WelcomeViewController.swift; sourceTree = "<group>"; };
		4E5ADF4C2AA4CF7100FC1FDC /* SettingsViewController.swift */ = {isa = PBXFileReference; lastKnownFileType = sourcecode.swift; path = SettingsViewController.swift; sourceTree = "<group>"; };
		4E5ADF4E2AA4CF7E00FC1FDC /* ProfileViewController.swift */ = {isa = PBXFileReference; lastKnownFileType = sourcecode.swift; path = ProfileViewController.swift; sourceTree = "<group>"; };
		4E5ADF502AA4CF8700FC1FDC /* PlayerViewController.swift */ = {isa = PBXFileReference; lastKnownFileType = sourcecode.swift; path = PlayerViewController.swift; sourceTree = "<group>"; };
		4E5ADF522AA4CF9400FC1FDC /* PlaylistViewController.swift */ = {isa = PBXFileReference; lastKnownFileType = sourcecode.swift; path = PlaylistViewController.swift; sourceTree = "<group>"; };
		4E5ADF542AA4CFA900FC1FDC /* SearchResultsViewController.swift */ = {isa = PBXFileReference; lastKnownFileType = sourcecode.swift; path = SearchResultsViewController.swift; sourceTree = "<group>"; };
		4E5ADF562AA4CFBF00FC1FDC /* AuthManager.swift */ = {isa = PBXFileReference; lastKnownFileType = sourcecode.swift; path = AuthManager.swift; sourceTree = "<group>"; };
		4E5ADF582AA4CFCD00FC1FDC /* APICaller.swift */ = {isa = PBXFileReference; lastKnownFileType = sourcecode.swift; path = APICaller.swift; sourceTree = "<group>"; };
		4E5ADF5A2AA4CFDC00FC1FDC /* HapticsManager.swift */ = {isa = PBXFileReference; lastKnownFileType = sourcecode.swift; path = HapticsManager.swift; sourceTree = "<group>"; };
		4E5ADF5C2AA4CFF700FC1FDC /* Playlist.swift */ = {isa = PBXFileReference; lastKnownFileType = sourcecode.swift; path = Playlist.swift; sourceTree = "<group>"; };
		4E5ADF5E2AA4D00200FC1FDC /* AudioTrack.swift */ = {isa = PBXFileReference; lastKnownFileType = sourcecode.swift; path = AudioTrack.swift; sourceTree = "<group>"; };
		4E5ADF602AA4D00D00FC1FDC /* Artist.swift */ = {isa = PBXFileReference; lastKnownFileType = sourcecode.swift; path = Artist.swift; sourceTree = "<group>"; };
		4E5ADF622AA4D01D00FC1FDC /* UserProfile.swift */ = {isa = PBXFileReference; lastKnownFileType = sourcecode.swift; path = UserProfile.swift; sourceTree = "<group>"; };
/* End PBXFileReference section */

/* Begin PBXFrameworksBuildPhase section */
		4E5ADF212AA4CB9500FC1FDC /* Frameworks */ = {
			isa = PBXFrameworksBuildPhase;
			buildActionMask = 2147483647;
			files = (
			);
			runOnlyForDeploymentPostprocessing = 0;
		};
/* End PBXFrameworksBuildPhase section */

/* Begin PBXGroup section */
		4E5ADF1B2AA4CB9400FC1FDC = {
			isa = PBXGroup;
			children = (
				4E5ADF262AA4CB9500FC1FDC /* Spotify Clone */,
				4E5ADF252AA4CB9500FC1FDC /* Products */,
			);
			sourceTree = "<group>";
		};
		4E5ADF252AA4CB9500FC1FDC /* Products */ = {
			isa = PBXGroup;
			children = (
				4E5ADF242AA4CB9500FC1FDC /* Spotify Clone.app */,
			);
			name = Products;
			sourceTree = "<group>";
		};
		4E5ADF262AA4CB9500FC1FDC /* Spotify Clone */ = {
			isa = PBXGroup;
			children = (
				4E5ADF3F2AA4CBED00FC1FDC /* Resources */,
				4E5ADF3E2AA4CBD900FC1FDC /* Managers */,
				4E5ADF3D2AA4CBCF00FC1FDC /* Models */,
				4E5ADF3C2AA4CBC600FC1FDC /* View */,
				4E5ADF3B2AA4CBBE00FC1FDC /* Controllers */,
				4E5ADF352AA4CB9600FC1FDC /* Info.plist */,
			);
			path = "Spotify Clone";
			sourceTree = "<group>";
		};
		4E5ADF3B2AA4CBBE00FC1FDC /* Controllers */ = {
			isa = PBXGroup;
			children = (
				4E5ADF472AA4CF4300FC1FDC /* Other */,
				4E5ADF462AA4CF1400FC1FDC /* Core */,
			);
			path = Controllers;
			sourceTree = "<group>";
		};
		4E5ADF3C2AA4CBC600FC1FDC /* View */ = {
			isa = PBXGroup;
			children = (
				4E5ADF322AA4CB9600FC1FDC /* LaunchScreen.storyboard */,
			);
			path = View;
			sourceTree = "<group>";
		};
		4E5ADF3D2AA4CBCF00FC1FDC /* Models */ = {
			isa = PBXGroup;
			children = (
				4E5ADF5C2AA4CFF700FC1FDC /* Playlist.swift */,
				4E5ADF5E2AA4D00200FC1FDC /* AudioTrack.swift */,
				4E5ADF602AA4D00D00FC1FDC /* Artist.swift */,
				4E5ADF622AA4D01D00FC1FDC /* UserProfile.swift */,
			);
			path = Models;
			sourceTree = "<group>";
		};
		4E5ADF3E2AA4CBD900FC1FDC /* Managers */ = {
			isa = PBXGroup;
			children = (
				4E5ADF562AA4CFBF00FC1FDC /* AuthManager.swift */,
				4E5ADF582AA4CFCD00FC1FDC /* APICaller.swift */,
				4E5ADF5A2AA4CFDC00FC1FDC /* HapticsManager.swift */,
			);
			path = Managers;
			sourceTree = "<group>";
		};
		4E5ADF3F2AA4CBED00FC1FDC /* Resources */ = {
			isa = PBXGroup;
			children = (
				4E5ADF302AA4CB9600FC1FDC /* Assets.xcassets */,
				4E5ADF272AA4CB9500FC1FDC /* AppDelegate.swift */,
				4E5ADF292AA4CB9500FC1FDC /* SceneDelegate.swift */,
			);
			path = Resources;
			sourceTree = "<group>";
		};
		4E5ADF462AA4CF1400FC1FDC /* Core */ = {
			isa = PBXGroup;
			children = (
				4E5ADF2B2AA4CB9500FC1FDC /* HomeViewController.swift */,
				4E5ADF402AA4CDE300FC1FDC /* TabBarViewController.swift */,
				4E5ADF422AA4CF0300FC1FDC /* SearchViewController.swift */,
				4E5ADF442AA4CF1100FC1FDC /* LibraryViewController.swift */,
			);
			path = Core;
			sourceTree = "<group>";
		};
		4E5ADF472AA4CF4300FC1FDC /* Other */ = {
			isa = PBXGroup;
			children = (
				4E5ADF482AA4CF5500FC1FDC /* AuthViewController.swift */,
				4E5ADF4A2AA4CF6400FC1FDC /* WelcomeViewController.swift */,
				4E5ADF4C2AA4CF7100FC1FDC /* SettingsViewController.swift */,
				4E5ADF4E2AA4CF7E00FC1FDC /* ProfileViewController.swift */,
				4E5ADF502AA4CF8700FC1FDC /* PlayerViewController.swift */,
				4E5ADF522AA4CF9400FC1FDC /* PlaylistViewController.swift */,
				4E5ADF542AA4CFA900FC1FDC /* SearchResultsViewController.swift */,
			);
			path = Other;
			sourceTree = "<group>";
		};
/* End PBXGroup section */

/* Begin PBXNativeTarget section */
		4E5ADF232AA4CB9500FC1FDC /* Spotify Clone */ = {
			isa = PBXNativeTarget;
			buildConfigurationList = 4E5ADF382AA4CB9600FC1FDC /* Build configuration list for PBXNativeTarget "Spotify Clone" */;
			buildPhases = (
				4E5ADF202AA4CB9500FC1FDC /* Sources */,
				4E5ADF212AA4CB9500FC1FDC /* Frameworks */,
				4E5ADF222AA4CB9500FC1FDC /* Resources */,
			);
			buildRules = (
			);
			dependencies = (
			);
			name = "Spotify Clone";
			productName = "Spotify Clone";
			productReference = 4E5ADF242AA4CB9500FC1FDC /* Spotify Clone.app */;
			productType = "com.apple.product-type.application";
		};
/* End PBXNativeTarget section */

/* Begin PBXProject section */
		4E5ADF1C2AA4CB9400FC1FDC /* Project object */ = {
			isa = PBXProject;
			attributes = {
				BuildIndependentTargetsInParallel = 1;
				LastSwiftUpdateCheck = 1430;
				LastUpgradeCheck = 1430;
				TargetAttributes = {
					4E5ADF232AA4CB9500FC1FDC = {
						CreatedOnToolsVersion = 14.3.1;
					};
				};
			};
			buildConfigurationList = 4E5ADF1F2AA4CB9400FC1FDC /* Build configuration list for PBXProject "Spotify Clone" */;
			compatibilityVersion = "Xcode 14.0";
			developmentRegion = en;
			hasScannedForEncodings = 0;
			knownRegions = (
				en,
				Base,
			);
			mainGroup = 4E5ADF1B2AA4CB9400FC1FDC;
			productRefGroup = 4E5ADF252AA4CB9500FC1FDC /* Products */;
			projectDirPath = "";
			projectRoot = "";
			targets = (
				4E5ADF232AA4CB9500FC1FDC /* Spotify Clone */,
			);
		};
/* End PBXProject section */

/* Begin PBXResourcesBuildPhase section */
		4E5ADF222AA4CB9500FC1FDC /* Resources */ = {
			isa = PBXResourcesBuildPhase;
			buildActionMask = 2147483647;
			files = (
				4E5ADF342AA4CB9600FC1FDC /* LaunchScreen.storyboard in Resources */,
				4E5ADF312AA4CB9600FC1FDC /* Assets.xcassets in Resources */,
			);
			runOnlyForDeploymentPostprocessing = 0;
		};
/* End PBXResourcesBuildPhase section */

/* Begin PBXSourcesBuildPhase section */
		4E5ADF202AA4CB9500FC1FDC /* Sources */ = {
			isa = PBXSourcesBuildPhase;
			buildActionMask = 2147483647;
			files = (
				4E5ADF432AA4CF0300FC1FDC /* SearchViewController.swift in Sources */,
				4E5ADF5D2AA4CFF700FC1FDC /* Playlist.swift in Sources */,
				4E5ADF572AA4CFBF00FC1FDC /* AuthManager.swift in Sources */,
				4E5ADF552AA4CFA900FC1FDC /* SearchResultsViewController.swift in Sources */,
				4E5ADF4B2AA4CF6400FC1FDC /* WelcomeViewController.swift in Sources */,
				4E5ADF4F2AA4CF7E00FC1FDC /* ProfileViewController.swift in Sources */,
				4E5ADF412AA4CDE300FC1FDC /* TabBarViewController.swift in Sources */,
				4E5ADF5B2AA4CFDC00FC1FDC /* HapticsManager.swift in Sources */,
				4E5ADF5F2AA4D00200FC1FDC /* AudioTrack.swift in Sources */,
				4E5ADF2C2AA4CB9500FC1FDC /* HomeViewController.swift in Sources */,
				4E5ADF492AA4CF5500FC1FDC /* AuthViewController.swift in Sources */,
				4E5ADF282AA4CB9500FC1FDC /* AppDelegate.swift in Sources */,
				4E5ADF632AA4D01D00FC1FDC /* UserProfile.swift in Sources */,
				4E5ADF452AA4CF1100FC1FDC /* LibraryViewController.swift in Sources */,
				4E5ADF612AA4D00D00FC1FDC /* Artist.swift in Sources */,
				4E5ADF532AA4CF9400FC1FDC /* PlaylistViewController.swift in Sources */,
				4E5ADF2A2AA4CB9500FC1FDC /* SceneDelegate.swift in Sources */,
				4E5ADF512AA4CF8700FC1FDC /* PlayerViewController.swift in Sources */,
				4E5ADF592AA4CFCD00FC1FDC /* APICaller.swift in Sources */,
				4E5ADF4D2AA4CF7100FC1FDC /* SettingsViewController.swift in Sources */,
			);
			runOnlyForDeploymentPostprocessing = 0;
		};
/* End PBXSourcesBuildPhase section */

/* Begin PBXVariantGroup section */
		4E5ADF322AA4CB9600FC1FDC /* LaunchScreen.storyboard */ = {
			isa = PBXVariantGroup;
			children = (
				4E5ADF332AA4CB9600FC1FDC /* Base */,
			);
			name = LaunchScreen.storyboard;
			sourceTree = "<group>";
		};
/* End PBXVariantGroup section */

/* Begin XCBuildConfiguration section */
		4E5ADF362AA4CB9600FC1FDC /* Debug */ = {
			isa = XCBuildConfiguration;
			buildSettings = {
				ALWAYS_SEARCH_USER_PATHS = NO;
				CLANG_ANALYZER_NONNULL = YES;
				CLANG_ANALYZER_NUMBER_OBJECT_CONVERSION = YES_AGGRESSIVE;
				CLANG_CXX_LANGUAGE_STANDARD = "gnu++20";
				CLANG_ENABLE_MODULES = YES;
				CLANG_ENABLE_OBJC_ARC = YES;
				CLANG_ENABLE_OBJC_WEAK = YES;
				CLANG_WARN_BLOCK_CAPTURE_AUTORELEASING = YES;
				CLANG_WARN_BOOL_CONVERSION = YES;
				CLANG_WARN_COMMA = YES;
				CLANG_WARN_CONSTANT_CONVERSION = YES;
				CLANG_WARN_DEPRECATED_OBJC_IMPLEMENTATIONS = YES;
				CLANG_WARN_DIRECT_OBJC_ISA_USAGE = YES_ERROR;
				CLANG_WARN_DOCUMENTATION_COMMENTS = YES;
				CLANG_WARN_EMPTY_BODY = YES;
				CLANG_WARN_ENUM_CONVERSION = YES;
				CLANG_WARN_INFINITE_RECURSION = YES;
				CLANG_WARN_INT_CONVERSION = YES;
				CLANG_WARN_NON_LITERAL_NULL_CONVERSION = YES;
				CLANG_WARN_OBJC_IMPLICIT_RETAIN_SELF = YES;
				CLANG_WARN_OBJC_LITERAL_CONVERSION = YES;
				CLANG_WARN_OBJC_ROOT_CLASS = YES_ERROR;
				CLANG_WARN_QUOTED_INCLUDE_IN_FRAMEWORK_HEADER = YES;
				CLANG_WARN_RANGE_LOOP_ANALYSIS = YES;
				CLANG_WARN_STRICT_PROTOTYPES = YES;
				CLANG_WARN_SUSPICIOUS_MOVE = YES;
				CLANG_WARN_UNGUARDED_AVAILABILITY = YES_AGGRESSIVE;
				CLANG_WARN_UNREACHABLE_CODE = YES;
				CLANG_WARN__DUPLICATE_METHOD_MATCH = YES;
				COPY_PHASE_STRIP = NO;
				DEBUG_INFORMATION_FORMAT = dwarf;
				ENABLE_STRICT_OBJC_MSGSEND = YES;
				ENABLE_TESTABILITY = YES;
				GCC_C_LANGUAGE_STANDARD = gnu11;
				GCC_DYNAMIC_NO_PIC = NO;
				GCC_NO_COMMON_BLOCKS = YES;
				GCC_OPTIMIZATION_LEVEL = 0;
				GCC_PREPROCESSOR_DEFINITIONS = (
					"DEBUG=1",
					"$(inherited)",
				);
				GCC_WARN_64_TO_32_BIT_CONVERSION = YES;
				GCC_WARN_ABOUT_RETURN_TYPE = YES_ERROR;
				GCC_WARN_UNDECLARED_SELECTOR = YES;
				GCC_WARN_UNINITIALIZED_AUTOS = YES_AGGRESSIVE;
				GCC_WARN_UNUSED_FUNCTION = YES;
				GCC_WARN_UNUSED_VARIABLE = YES;
				IPHONEOS_DEPLOYMENT_TARGET = 16.4;
				MTL_ENABLE_DEBUG_INFO = INCLUDE_SOURCE;
				MTL_FAST_MATH = YES;
				ONLY_ACTIVE_ARCH = YES;
				SDKROOT = iphoneos;
				SWIFT_ACTIVE_COMPILATION_CONDITIONS = DEBUG;
				SWIFT_OPTIMIZATION_LEVEL = "-Onone";
			};
			name = Debug;
		};
		4E5ADF372AA4CB9600FC1FDC /* Release */ = {
			isa = XCBuildConfiguration;
			buildSettings = {
				ALWAYS_SEARCH_USER_PATHS = NO;
				CLANG_ANALYZER_NONNULL = YES;
				CLANG_ANALYZER_NUMBER_OBJECT_CONVERSION = YES_AGGRESSIVE;
				CLANG_CXX_LANGUAGE_STANDARD = "gnu++20";
				CLANG_ENABLE_MODULES = YES;
				CLANG_ENABLE_OBJC_ARC = YES;
				CLANG_ENABLE_OBJC_WEAK = YES;
				CLANG_WARN_BLOCK_CAPTURE_AUTORELEASING = YES;
				CLANG_WARN_BOOL_CONVERSION = YES;
				CLANG_WARN_COMMA = YES;
				CLANG_WARN_CONSTANT_CONVERSION = YES;
				CLANG_WARN_DEPRECATED_OBJC_IMPLEMENTATIONS = YES;
				CLANG_WARN_DIRECT_OBJC_ISA_USAGE = YES_ERROR;
				CLANG_WARN_DOCUMENTATION_COMMENTS = YES;
				CLANG_WARN_EMPTY_BODY = YES;
				CLANG_WARN_ENUM_CONVERSION = YES;
				CLANG_WARN_INFINITE_RECURSION = YES;
				CLANG_WARN_INT_CONVERSION = YES;
				CLANG_WARN_NON_LITERAL_NULL_CONVERSION = YES;
				CLANG_WARN_OBJC_IMPLICIT_RETAIN_SELF = YES;
				CLANG_WARN_OBJC_LITERAL_CONVERSION = YES;
				CLANG_WARN_OBJC_ROOT_CLASS = YES_ERROR;
				CLANG_WARN_QUOTED_INCLUDE_IN_FRAMEWORK_HEADER = YES;
				CLANG_WARN_RANGE_LOOP_ANALYSIS = YES;
				CLANG_WARN_STRICT_PROTOTYPES = YES;
				CLANG_WARN_SUSPICIOUS_MOVE = YES;
				CLANG_WARN_UNGUARDED_AVAILABILITY = YES_AGGRESSIVE;
				CLANG_WARN_UNREACHABLE_CODE = YES;
				CLANG_WARN__DUPLICATE_METHOD_MATCH = YES;
				COPY_PHASE_STRIP = NO;
				DEBUG_INFORMATION_FORMAT = "dwarf-with-dsym";
				ENABLE_NS_ASSERTIONS = NO;
				ENABLE_STRICT_OBJC_MSGSEND = YES;
				GCC_C_LANGUAGE_STANDARD = gnu11;
				GCC_NO_COMMON_BLOCKS = YES;
				GCC_WARN_64_TO_32_BIT_CONVERSION = YES;
				GCC_WARN_ABOUT_RETURN_TYPE = YES_ERROR;
				GCC_WARN_UNDECLARED_SELECTOR = YES;
				GCC_WARN_UNINITIALIZED_AUTOS = YES_AGGRESSIVE;
				GCC_WARN_UNUSED_FUNCTION = YES;
				GCC_WARN_UNUSED_VARIABLE = YES;
				IPHONEOS_DEPLOYMENT_TARGET = 16.4;
				MTL_ENABLE_DEBUG_INFO = NO;
				MTL_FAST_MATH = YES;
				SDKROOT = iphoneos;
				SWIFT_COMPILATION_MODE = wholemodule;
				SWIFT_OPTIMIZATION_LEVEL = "-O";
				VALIDATE_PRODUCT = YES;
			};
			name = Release;
		};
		4E5ADF392AA4CB9600FC1FDC /* Debug */ = {
			isa = XCBuildConfiguration;
			buildSettings = {
				ASSETCATALOG_COMPILER_APPICON_NAME = AppIcon;
				ASSETCATALOG_COMPILER_GLOBAL_ACCENT_COLOR_NAME = AccentColor;
				CODE_SIGN_STYLE = Automatic;
				CURRENT_PROJECT_VERSION = 1;
				GENERATE_INFOPLIST_FILE = YES;
				INFOPLIST_FILE = "Spotify Clone/Info.plist";
				INFOPLIST_KEY_UIApplicationSupportsIndirectInputEvents = YES;
				INFOPLIST_KEY_UILaunchStoryboardName = LaunchScreen;
				INFOPLIST_KEY_UIMainStoryboardFile = "";
				INFOPLIST_KEY_UISupportedInterfaceOrientations_iPad = "UIInterfaceOrientationPortrait UIInterfaceOrientationPortraitUpsideDown UIInterfaceOrientationLandscapeLeft UIInterfaceOrientationLandscapeRight";
				INFOPLIST_KEY_UISupportedInterfaceOrientations_iPhone = "UIInterfaceOrientationPortrait UIInterfaceOrientationLandscapeLeft UIInterfaceOrientationLandscapeRight";
				LD_RUNPATH_SEARCH_PATHS = (
					"$(inherited)",
					"@executable_path/Frameworks",
				);
				MARKETING_VERSION = 1.0;
				PRODUCT_BUNDLE_IDENTIFIER = "com.bryan.Spotify-Clone";
				PRODUCT_NAME = "$(TARGET_NAME)";
				SWIFT_EMIT_LOC_STRINGS = YES;
				SWIFT_VERSION = 5.0;
				TARGETED_DEVICE_FAMILY = "1,2";
			};
			name = Debug;
		};
		4E5ADF3A2AA4CB9600FC1FDC /* Release */ = {
			isa = XCBuildConfiguration;
			buildSettings = {
				ASSETCATALOG_COMPILER_APPICON_NAME = AppIcon;
				ASSETCATALOG_COMPILER_GLOBAL_ACCENT_COLOR_NAME = AccentColor;
				CODE_SIGN_STYLE = Automatic;
				CURRENT_PROJECT_VERSION = 1;
				GENERATE_INFOPLIST_FILE = YES;
				INFOPLIST_FILE = "Spotify Clone/Info.plist";
				INFOPLIST_KEY_UIApplicationSupportsIndirectInputEvents = YES;
				INFOPLIST_KEY_UILaunchStoryboardName = LaunchScreen;
				INFOPLIST_KEY_UIMainStoryboardFile = "";
				INFOPLIST_KEY_UISupportedInterfaceOrientations_iPad = "UIInterfaceOrientationPortrait UIInterfaceOrientationPortraitUpsideDown UIInterfaceOrientationLandscapeLeft UIInterfaceOrientationLandscapeRight";
				INFOPLIST_KEY_UISupportedInterfaceOrientations_iPhone = "UIInterfaceOrientationPortrait UIInterfaceOrientationLandscapeLeft UIInterfaceOrientationLandscapeRight";
				LD_RUNPATH_SEARCH_PATHS = (
					"$(inherited)",
					"@executable_path/Frameworks",
				);
				MARKETING_VERSION = 1.0;
				PRODUCT_BUNDLE_IDENTIFIER = "com.bryan.Spotify-Clone";
				PRODUCT_NAME = "$(TARGET_NAME)";
				SWIFT_EMIT_LOC_STRINGS = YES;
				SWIFT_VERSION = 5.0;
				TARGETED_DEVICE_FAMILY = "1,2";
			};
			name = Release;
		};
/* End XCBuildConfiguration section */

/* Begin XCConfigurationList section */
		4E5ADF1F2AA4CB9400FC1FDC /* Build configuration list for PBXProject "Spotify Clone" */ = {
			isa = XCConfigurationList;
			buildConfigurations = (
				4E5ADF362AA4CB9600FC1FDC /* Debug */,
				4E5ADF372AA4CB9600FC1FDC /* Release */,
			);
			defaultConfigurationIsVisible = 0;
			defaultConfigurationName = Release;
		};
		4E5ADF382AA4CB9600FC1FDC /* Build configuration list for PBXNativeTarget "Spotify Clone" */ = {
			isa = XCConfigurationList;
			buildConfigurations = (
				4E5ADF392AA4CB9600FC1FDC /* Debug */,
				4E5ADF3A2AA4CB9600FC1FDC /* Release */,
			);
			defaultConfigurationIsVisible = 0;
			defaultConfigurationName = Release;
		};
/* End XCConfigurationList section */
	};
	rootObject = 4E5ADF1C2AA4CB9400FC1FDC /* Project object */;
}
